
Microsoft Visual Studio Solution File, Format Version 12.00
# Visual Studio Version 17
VisualStudioVersion = 17.10.35027.167
MinimumVisualStudioVersion = 10.0.40219.1
Project("{FAE04EC0-301F-11D3-BF4B-00C04F79EFBC}") = "OwnSymbolTool", "OwnSymbolTool\OwnSymbolTool.csproj", "{5B3FE294-7300-439A-8475-8059F65B24C1}"
EndProject
Global
	GlobalSection(SolutionConfigurationPlatforms) = preSolution
		Debug|Any CPU = Debug|Any CPU
		Release|Any CPU = Release|Any CPU
	EndGlobalSection
	GlobalSection(ProjectConfigurationPlatforms) = postSolution
		{5B3FE294-7300-439A-8475-8059F65B24C1}.Debug|Any CPU.ActiveCfg = Debug|Any CPU
		{5B3FE294-7300-439A-8475-8059F65B24C1}.Debug|Any CPU.Build.0 = Debug|Any CPU
		{5B3FE294-7300-439A-8475-8059F65B24C1}.Release|Any CPU.ActiveCfg = Release|Any CPU
		{5B3FE294-7300-439A-8475-8059F65B24C1}.Release|Any CPU.Build.0 = Release|Any CPU
	EndGlobalSection
	GlobalSection(SolutionProperties) = preSolution
		HideSolutionNode = FALSE
	EndGlobalSection
	GlobalSection(ExtensibilityGlobals) = postSolution
		SolutionGuid = {38E435B2-AA80-4F55-BFB6-864307F30D83}
	EndGlobalSection
EndGlobal
